// !$*UTF8*$!
{
	archiveVersion = 1;
	classes = {
	};
	objectVersion = 48;
	objects = {

/* Begin PBXBuildFile section */
		0CF4B1021FDCE3B8003DFA2A /* EasyGrids.framework in Frameworks */ = {isa = PBXBuildFile; fileRef = 0CF4B0F81FDCE3B8003DFA2A /* EasyGrids.framework */; settings = {ATTRIBUTES = (Weak, ); }; };
		0CF4B1071FDCE3B8003DFA2A /* EasyGridsTests.m in Sources */ = {isa = PBXBuildFile; fileRef = 0CF4B1061FDCE3B8003DFA2A /* EasyGridsTests.m */; };
		0CF4B1091FDCE3B8003DFA2A /* EasyGrids.h in Headers */ = {isa = PBXBuildFile; fileRef = 0CF4B0FB1FDCE3B8003DFA2A /* EasyGrids.h */; settings = {ATTRIBUTES = (Public, ); }; };
		0CF4B1141FDCE48D003DFA2A /* UtilitiesHelper.m in Sources */ = {isa = PBXBuildFile; fileRef = 0CF4B1121FDCE48D003DFA2A /* UtilitiesHelper.m */; };
		0CF4B1191FDCE49A003DFA2A /* CustomGridView.m in Sources */ = {isa = PBXBuildFile; fileRef = 0CF4B1151FDCE49A003DFA2A /* CustomGridView.m */; };
		0CF4B11A1FDCE49A003DFA2A /* ItemDetail.m in Sources */ = {isa = PBXBuildFile; fileRef = 0CF4B1181FDCE49A003DFA2A /* ItemDetail.m */; };
		0CF4B1231FDCE6B3003DFA2A /* MBProgressHUD.m in Sources */ = {isa = PBXBuildFile; fileRef = 0CF4B1221FDCE6B3003DFA2A /* MBProgressHUD.m */; };
		0CF4B1271FDCE71B003DFA2A /* CategoryCollectionViewCell.m in Sources */ = {isa = PBXBuildFile; fileRef = 0CF4B11E1FDCE4D2003DFA2A /* CategoryCollectionViewCell.m */; };
		0CF4B1291FDCEBA0003DFA2A /* ItemDetail.h in Headers */ = {isa = PBXBuildFile; fileRef = 0CF4B1161FDCE49A003DFA2A /* ItemDetail.h */; settings = {ATTRIBUTES = (Public, ); }; };
		0CF4B21C1FDDC606003DFA2A /* CategoryCollectionViewCell.xib in Resources */ = {isa = PBXBuildFile; fileRef = 0CF4B11C1FDCE4D2003DFA2A /* CategoryCollectionViewCell.xib */; };
		0CF4B21E1FDDD06F003DFA2A /* Info.plist in Resources */ = {isa = PBXBuildFile; fileRef = 0CF4B0FC1FDCE3B8003DFA2A /* Info.plist */; };
		0CF4B2201FDDD131003DFA2A /* CustomGridView.h in Headers */ = {isa = PBXBuildFile; fileRef = 0CF4B1171FDCE49A003DFA2A /* CustomGridView.h */; settings = {ATTRIBUTES = (Public, ); }; };
		0CF8D90720A011B700382FC4 /* MBProgressHUD.h in Headers */ = {isa = PBXBuildFile; fileRef = 0CF4B1211FDCE6AE003DFA2A /* MBProgressHUD.h */; };
		0CF8D90820A011CA00382FC4 /* UtilitiesHelper.h in Headers */ = {isa = PBXBuildFile; fileRef = 0CF4B1131FDCE48D003DFA2A /* UtilitiesHelper.h */; };
		0CF8D90920A011D000382FC4 /* CategoryCollectionViewCell.h in Headers */ = {isa = PBXBuildFile; fileRef = 0CF4B11D1FDCE4D2003DFA2A /* CategoryCollectionViewCell.h */; };
		A6FE36312185A4E20030121D /* SDWebImage.framework in Frameworks */ = {isa = PBXBuildFile; fileRef = A6FE36302185A4E20030121D /* SDWebImage.framework */; };
/* End PBXBuildFile section */

/* Begin PBXContainerItemProxy section */
		0CF4B1031FDCE3B8003DFA2A /* PBXContainerItemProxy */ = {
			isa = PBXContainerItemProxy;
			containerPortal = 0CF4B0EF1FDCE3B8003DFA2A /* Project object */;
			proxyType = 1;
			remoteGlobalIDString = 0CF4B0F71FDCE3B8003DFA2A;
			remoteInfo = EasyGrids;
		};
/* End PBXContainerItemProxy section */

/* Begin PBXFileReference section */
		0CF4B0F81FDCE3B8003DFA2A /* EasyGrids.framework */ = {isa = PBXFileReference; explicitFileType = wrapper.framework; includeInIndex = 0; path = EasyGrids.framework; sourceTree = BUILT_PRODUCTS_DIR; };
		0CF4B0FB1FDCE3B8003DFA2A /* EasyGrids.h */ = {isa = PBXFileReference; lastKnownFileType = sourcecode.c.h; path = EasyGrids.h; sourceTree = "<group>"; };
		0CF4B0FC1FDCE3B8003DFA2A /* Info.plist */ = {isa = PBXFileReference; lastKnownFileType = text.plist.xml; path = Info.plist; sourceTree = "<group>"; };
		0CF4B1011FDCE3B8003DFA2A /* EasyGridsTests.xctest */ = {isa = PBXFileReference; explicitFileType = wrapper.cfbundle; includeInIndex = 0; path = EasyGridsTests.xctest; sourceTree = BUILT_PRODUCTS_DIR; };
		0CF4B1061FDCE3B8003DFA2A /* EasyGridsTests.m */ = {isa = PBXFileReference; lastKnownFileType = sourcecode.c.objc; path = EasyGridsTests.m; sourceTree = "<group>"; };
		0CF4B1081FDCE3B8003DFA2A /* Info.plist */ = {isa = PBXFileReference; lastKnownFileType = text.plist.xml; path = Info.plist; sourceTree = "<group>"; };
		0CF4B1121FDCE48D003DFA2A /* UtilitiesHelper.m */ = {isa = PBXFileReference; lastKnownFileType = sourcecode.c.objc; path = UtilitiesHelper.m; sourceTree = "<group>"; };
		0CF4B1131FDCE48D003DFA2A /* UtilitiesHelper.h */ = {isa = PBXFileReference; lastKnownFileType = sourcecode.c.h; path = UtilitiesHelper.h; sourceTree = "<group>"; };
		0CF4B1151FDCE49A003DFA2A /* CustomGridView.m */ = {isa = PBXFileReference; lastKnownFileType = sourcecode.c.objc; path = CustomGridView.m; sourceTree = "<group>"; };
		0CF4B1161FDCE49A003DFA2A /* ItemDetail.h */ = {isa = PBXFileReference; lastKnownFileType = sourcecode.c.h; path = ItemDetail.h; sourceTree = "<group>"; };
		0CF4B1171FDCE49A003DFA2A /* CustomGridView.h */ = {isa = PBXFileReference; lastKnownFileType = sourcecode.c.h; path = CustomGridView.h; sourceTree = "<group>"; };
		0CF4B1181FDCE49A003DFA2A /* ItemDetail.m */ = {isa = PBXFileReference; lastKnownFileType = sourcecode.c.objc; path = ItemDetail.m; sourceTree = "<group>"; };
		0CF4B11C1FDCE4D2003DFA2A /* CategoryCollectionViewCell.xib */ = {isa = PBXFileReference; lastKnownFileType = file.xib; path = CategoryCollectionViewCell.xib; sourceTree = "<group>"; };
		0CF4B11D1FDCE4D2003DFA2A /* CategoryCollectionViewCell.h */ = {isa = PBXFileReference; lastKnownFileType = sourcecode.c.h; path = CategoryCollectionViewCell.h; sourceTree = "<group>"; };
		0CF4B11E1FDCE4D2003DFA2A /* CategoryCollectionViewCell.m */ = {isa = PBXFileReference; lastKnownFileType = sourcecode.c.objc; path = CategoryCollectionViewCell.m; sourceTree = "<group>"; };
		0CF4B1211FDCE6AE003DFA2A /* MBProgressHUD.h */ = {isa = PBXFileReference; lastKnownFileType = sourcecode.c.h; path = MBProgressHUD.h; sourceTree = "<group>"; };
		0CF4B1221FDCE6B3003DFA2A /* MBProgressHUD.m */ = {isa = PBXFileReference; lastKnownFileType = sourcecode.c.objc; path = MBProgressHUD.m; sourceTree = "<group>"; };
		A6FE36302185A4E20030121D /* SDWebImage.framework */ = {isa = PBXFileReference; lastKnownFileType = wrapper.framework; name = SDWebImage.framework; path = Carthage/Build/iOS/SDWebImage.framework; sourceTree = "<group>"; };
/* End PBXFileReference section */

/* Begin PBXFrameworksBuildPhase section */
		0CF4B0F41FDCE3B8003DFA2A /* Frameworks */ = {
			isa = PBXFrameworksBuildPhase;
			buildActionMask = 2147483647;
			files = (
				A6FE36312185A4E20030121D /* SDWebImage.framework in Frameworks */,
			);
			runOnlyForDeploymentPostprocessing = 0;
		};
		0CF4B0FE1FDCE3B8003DFA2A /* Frameworks */ = {
			isa = PBXFrameworksBuildPhase;
			buildActionMask = 2147483647;
			files = (
				0CF4B1021FDCE3B8003DFA2A /* EasyGrids.framework in Frameworks */,
			);
			runOnlyForDeploymentPostprocessing = 0;
		};
/* End PBXFrameworksBuildPhase section */

/* Begin PBXGroup section */
		0CF4B0EE1FDCE3B8003DFA2A = {
			isa = PBXGroup;
			children = (
				0CF4B0FA1FDCE3B8003DFA2A /* EasyGrids */,
				0CF4B1051FDCE3B8003DFA2A /* EasyGridsTests */,
				0CF4B0F91FDCE3B8003DFA2A /* Products */,
				A6FE362F2185A4E20030121D /* Frameworks */,
			);
			sourceTree = "<group>";
		};
		0CF4B0F91FDCE3B8003DFA2A /* Products */ = {
			isa = PBXGroup;
			children = (
				0CF4B0F81FDCE3B8003DFA2A /* EasyGrids.framework */,
				0CF4B1011FDCE3B8003DFA2A /* EasyGridsTests.xctest */,
			);
			name = Products;
			sourceTree = "<group>";
		};
		0CF4B0FA1FDCE3B8003DFA2A /* EasyGrids */ = {
			isa = PBXGroup;
			children = (
				0CF4B1241FDCE6EA003DFA2A /* MBProgressHUD */,
				0CF4B11B1FDCE4AE003DFA2A /* CategoryCells */,
				0CF4B1131FDCE48D003DFA2A /* UtilitiesHelper.h */,
				0CF4B1121FDCE48D003DFA2A /* UtilitiesHelper.m */,
				0CF4B1171FDCE49A003DFA2A /* CustomGridView.h */,
				0CF4B1151FDCE49A003DFA2A /* CustomGridView.m */,
				0CF4B1161FDCE49A003DFA2A /* ItemDetail.h */,
				0CF4B1181FDCE49A003DFA2A /* ItemDetail.m */,
				0CF4B0FB1FDCE3B8003DFA2A /* EasyGrids.h */,
				0CF4B0FC1FDCE3B8003DFA2A /* Info.plist */,
			);
			path = EasyGrids;
			sourceTree = "<group>";
		};
		0CF4B1051FDCE3B8003DFA2A /* EasyGridsTests */ = {
			isa = PBXGroup;
			children = (
				0CF4B1061FDCE3B8003DFA2A /* EasyGridsTests.m */,
				0CF4B1081FDCE3B8003DFA2A /* Info.plist */,
			);
			path = EasyGridsTests;
			sourceTree = "<group>";
		};
		0CF4B11B1FDCE4AE003DFA2A /* CategoryCells */ = {
			isa = PBXGroup;
			children = (
				0CF4B11D1FDCE4D2003DFA2A /* CategoryCollectionViewCell.h */,
				0CF4B11E1FDCE4D2003DFA2A /* CategoryCollectionViewCell.m */,
				0CF4B11C1FDCE4D2003DFA2A /* CategoryCollectionViewCell.xib */,
			);
			path = CategoryCells;
			sourceTree = "<group>";
		};
		0CF4B1241FDCE6EA003DFA2A /* MBProgressHUD */ = {
			isa = PBXGroup;
			children = (
				0CF4B1211FDCE6AE003DFA2A /* MBProgressHUD.h */,
				0CF4B1221FDCE6B3003DFA2A /* MBProgressHUD.m */,
			);
			path = MBProgressHUD;
			sourceTree = "<group>";
		};
		A6FE362F2185A4E20030121D /* Frameworks */ = {
			isa = PBXGroup;
			children = (
				A6FE36302185A4E20030121D /* SDWebImage.framework */,
			);
			name = Frameworks;
			sourceTree = "<group>";
		};
/* End PBXGroup section */

/* Begin PBXHeadersBuildPhase section */
		0CF4B0F51FDCE3B8003DFA2A /* Headers */ = {
			isa = PBXHeadersBuildPhase;
			buildActionMask = 2147483647;
			files = (
				0CF4B2201FDDD131003DFA2A /* CustomGridView.h in Headers */,
				0CF4B1291FDCEBA0003DFA2A /* ItemDetail.h in Headers */,
				0CF4B1091FDCE3B8003DFA2A /* EasyGrids.h in Headers */,
				0CF8D90920A011D000382FC4 /* CategoryCollectionViewCell.h in Headers */,
				0CF8D90820A011CA00382FC4 /* UtilitiesHelper.h in Headers */,
				0CF8D90720A011B700382FC4 /* MBProgressHUD.h in Headers */,
			);
			runOnlyForDeploymentPostprocessing = 0;
		};
/* End PBXHeadersBuildPhase section */

/* Begin PBXNativeTarget section */
		0CF4B0F71FDCE3B8003DFA2A /* EasyGrids */ = {
			isa = PBXNativeTarget;
			buildConfigurationList = 0CF4B10C1FDCE3B8003DFA2A /* Build configuration list for PBXNativeTarget "EasyGrids" */;
			buildPhases = (
				0CF4B0F31FDCE3B8003DFA2A /* Sources */,
				0CF4B0F41FDCE3B8003DFA2A /* Frameworks */,
				0CF4B0F51FDCE3B8003DFA2A /* Headers */,
				0CF4B0F61FDCE3B8003DFA2A /* Resources */,
			);
			buildRules = (
			);
			dependencies = (
			);
			name = EasyGrids;
			productName = EasyGrids;
			productReference = 0CF4B0F81FDCE3B8003DFA2A /* EasyGrids.framework */;
			productType = "com.apple.product-type.framework";
		};
		0CF4B1001FDCE3B8003DFA2A /* EasyGridsTests */ = {
			isa = PBXNativeTarget;
			buildConfigurationList = 0CF4B10F1FDCE3B8003DFA2A /* Build configuration list for PBXNativeTarget "EasyGridsTests" */;
			buildPhases = (
				0CF4B0FD1FDCE3B8003DFA2A /* Sources */,
				0CF4B0FE1FDCE3B8003DFA2A /* Frameworks */,
				0CF4B0FF1FDCE3B8003DFA2A /* Resources */,
			);
			buildRules = (
			);
			dependencies = (
				0CF4B1041FDCE3B8003DFA2A /* PBXTargetDependency */,
			);
			name = EasyGridsTests;
			productName = EasyGridsTests;
			productReference = 0CF4B1011FDCE3B8003DFA2A /* EasyGridsTests.xctest */;
			productType = "com.apple.product-type.bundle.unit-test";
		};
/* End PBXNativeTarget section */

/* Begin PBXProject section */
		0CF4B0EF1FDCE3B8003DFA2A /* Project object */ = {
			isa = PBXProject;
			attributes = {
				LastUpgradeCheck = 0900;
				ORGANIZATIONNAME = "Shoaib Ahmed Qureshi";
				TargetAttributes = {
					0CF4B0F71FDCE3B8003DFA2A = {
						CreatedOnToolsVersion = 9.0;
						ProvisioningStyle = Automatic;
					};
					0CF4B1001FDCE3B8003DFA2A = {
						CreatedOnToolsVersion = 9.0;
						ProvisioningStyle = Automatic;
					};
				};
			};
			buildConfigurationList = 0CF4B0F21FDCE3B8003DFA2A /* Build configuration list for PBXProject "EasyGrids" */;
			compatibilityVersion = "Xcode 8.0";
			developmentRegion = en;
			hasScannedForEncodings = 0;
			knownRegions = (
				en,
			);
			mainGroup = 0CF4B0EE1FDCE3B8003DFA2A;
			productRefGroup = 0CF4B0F91FDCE3B8003DFA2A /* Products */;
			projectDirPath = "";
			projectRoot = "";
			targets = (
				0CF4B0F71FDCE3B8003DFA2A /* EasyGrids */,
				0CF4B1001FDCE3B8003DFA2A /* EasyGridsTests */,
			);
		};
/* End PBXProject section */

/* Begin PBXResourcesBuildPhase section */
		0CF4B0F61FDCE3B8003DFA2A /* Resources */ = {
			isa = PBXResourcesBuildPhase;
			buildActionMask = 2147483647;
			files = (
				0CF4B21E1FDDD06F003DFA2A /* Info.plist in Resources */,
				0CF4B21C1FDDC606003DFA2A /* CategoryCollectionViewCell.xib in Resources */,
			);
			runOnlyForDeploymentPostprocessing = 0;
		};
		0CF4B0FF1FDCE3B8003DFA2A /* Resources */ = {
			isa = PBXResourcesBuildPhase;
			buildActionMask = 2147483647;
			files = (
			);
			runOnlyForDeploymentPostprocessing = 0;
		};
/* End PBXResourcesBuildPhase section */

/* Begin PBXSourcesBuildPhase section */
		0CF4B0F31FDCE3B8003DFA2A /* Sources */ = {
			isa = PBXSourcesBuildPhase;
			buildActionMask = 2147483647;
			files = (
				0CF4B1271FDCE71B003DFA2A /* CategoryCollectionViewCell.m in Sources */,
				0CF4B11A1FDCE49A003DFA2A /* ItemDetail.m in Sources */,
				0CF4B1141FDCE48D003DFA2A /* UtilitiesHelper.m in Sources */,
				0CF4B1191FDCE49A003DFA2A /* CustomGridView.m in Sources */,
				0CF4B1231FDCE6B3003DFA2A /* MBProgressHUD.m in Sources */,
			);
			runOnlyForDeploymentPostprocessing = 0;
		};
		0CF4B0FD1FDCE3B8003DFA2A /* Sources */ = {
			isa = PBXSourcesBuildPhase;
			buildActionMask = 2147483647;
			files = (
				0CF4B1071FDCE3B8003DFA2A /* EasyGridsTests.m in Sources */,
			);
			runOnlyForDeploymentPostprocessing = 0;
		};
/* End PBXSourcesBuildPhase section */

/* Begin PBXTargetDependency section */
		0CF4B1041FDCE3B8003DFA2A /* PBXTargetDependency */ = {
			isa = PBXTargetDependency;
			target = 0CF4B0F71FDCE3B8003DFA2A /* EasyGrids */;
			targetProxy = 0CF4B1031FDCE3B8003DFA2A /* PBXContainerItemProxy */;
		};
/* End PBXTargetDependency section */

/* Begin XCBuildConfiguration section */
		0CF4B10A1FDCE3B8003DFA2A /* Debug */ = {
			isa = XCBuildConfiguration;
			buildSettings = {
				ALWAYS_SEARCH_USER_PATHS = NO;
				CLANG_ANALYZER_NONNULL = YES;
				CLANG_ANALYZER_NUMBER_OBJECT_CONVERSION = YES_AGGRESSIVE;
				CLANG_CXX_LANGUAGE_STANDARD = "gnu++14";
				CLANG_CXX_LIBRARY = "libc++";
				CLANG_ENABLE_MODULES = YES;
				CLANG_ENABLE_OBJC_ARC = YES;
				CLANG_WARN_BLOCK_CAPTURE_AUTORELEASING = YES;
				CLANG_WARN_BOOL_CONVERSION = YES;
				CLANG_WARN_COMMA = YES;
				CLANG_WARN_CONSTANT_CONVERSION = YES;
				CLANG_WARN_DIRECT_OBJC_ISA_USAGE = YES_ERROR;
				CLANG_WARN_DOCUMENTATION_COMMENTS = YES;
				CLANG_WARN_EMPTY_BODY = YES;
				CLANG_WARN_ENUM_CONVERSION = YES;
				CLANG_WARN_INFINITE_RECURSION = YES;
				CLANG_WARN_INT_CONVERSION = YES;
				CLANG_WARN_NON_LITERAL_NULL_CONVERSION = YES;
				CLANG_WARN_OBJC_LITERAL_CONVERSION = YES;
				CLANG_WARN_OBJC_ROOT_CLASS = YES_ERROR;
				CLANG_WARN_RANGE_LOOP_ANALYSIS = YES;
				CLANG_WARN_STRICT_PROTOTYPES = YES;
				CLANG_WARN_SUSPICIOUS_MOVE = YES;
				CLANG_WARN_UNGUARDED_AVAILABILITY = YES_AGGRESSIVE;
				CLANG_WARN_UNREACHABLE_CODE = YES;
				CLANG_WARN__DUPLICATE_METHOD_MATCH = YES;
				CODE_SIGN_IDENTITY = "iPhone Developer";
				COPY_PHASE_STRIP = NO;
				CURRENT_PROJECT_VERSION = 1;
				DEBUG_INFORMATION_FORMAT = dwarf;
				ENABLE_STRICT_OBJC_MSGSEND = YES;
				ENABLE_TESTABILITY = YES;
				GCC_C_LANGUAGE_STANDARD = gnu11;
				GCC_DYNAMIC_NO_PIC = NO;
				GCC_NO_COMMON_BLOCKS = YES;
				GCC_OPTIMIZATION_LEVEL = 0;
				GCC_PREPROCESSOR_DEFINITIONS = (
					"DEBUG=1",
					"$(inherited)",
				);
				GCC_WARN_64_TO_32_BIT_CONVERSION = YES;
				GCC_WARN_ABOUT_RETURN_TYPE = YES_ERROR;
				GCC_WARN_UNDECLARED_SELECTOR = YES;
				GCC_WARN_UNINITIALIZED_AUTOS = YES_AGGRESSIVE;
				GCC_WARN_UNUSED_FUNCTION = YES;
				GCC_WARN_UNUSED_VARIABLE = YES;
				IPHONEOS_DEPLOYMENT_TARGET = 11.0;
				MTL_ENABLE_DEBUG_INFO = YES;
				ONLY_ACTIVE_ARCH = YES;
				SDKROOT = iphoneos;
				SYSTEM_HEADER_SEARCH_PATHS = "/Users/shoaibahmedqureshi/Documents/EasyGrids/**";
				USER_HEADER_SEARCH_PATHS = "/Users/shoaibahmedqureshi/Documents/EasyGrids/**";
				VERSIONING_SYSTEM = "apple-generic";
				VERSION_INFO_PREFIX = "";
			};
			name = Debug;
		};
		0CF4B10B1FDCE3B8003DFA2A /* Release */ = {
			isa = XCBuildConfiguration;
			buildSettings = {
				ALWAYS_SEARCH_USER_PATHS = NO;
				CLANG_ANALYZER_NONNULL = YES;
				CLANG_ANALYZER_NUMBER_OBJECT_CONVERSION = YES_AGGRESSIVE;
				CLANG_CXX_LANGUAGE_STANDARD = "gnu++14";
				CLANG_CXX_LIBRARY = "libc++";
				CLANG_ENABLE_MODULES = YES;
				CLANG_ENABLE_OBJC_ARC = YES;
				CLANG_WARN_BLOCK_CAPTURE_AUTORELEASING = YES;
				CLANG_WARN_BOOL_CONVERSION = YES;
				CLANG_WARN_COMMA = YES;
				CLANG_WARN_CONSTANT_CONVERSION = YES;
				CLANG_WARN_DIRECT_OBJC_ISA_USAGE = YES_ERROR;
				CLANG_WARN_DOCUMENTATION_COMMENTS = YES;
				CLANG_WARN_EMPTY_BODY = YES;
				CLANG_WARN_ENUM_CONVERSION = YES;
				CLANG_WARN_INFINITE_RECURSION = YES;
				CLANG_WARN_INT_CONVERSION = YES;
				CLANG_WARN_NON_LITERAL_NULL_CONVERSION = YES;
				CLANG_WARN_OBJC_LITERAL_CONVERSION = YES;
				CLANG_WARN_OBJC_ROOT_CLASS = YES_ERROR;
				CLANG_WARN_RANGE_LOOP_ANALYSIS = YES;
				CLANG_WARN_STRICT_PROTOTYPES = YES;
				CLANG_WARN_SUSPICIOUS_MOVE = YES;
				CLANG_WARN_UNGUARDED_AVAILABILITY = YES_AGGRESSIVE;
				CLANG_WARN_UNREACHABLE_CODE = YES;
				CLANG_WARN__DUPLICATE_METHOD_MATCH = YES;
				CODE_SIGN_IDENTITY = "iPhone Developer";
				COPY_PHASE_STRIP = NO;
				CURRENT_PROJECT_VERSION = 1;
				DEBUG_INFORMATION_FORMAT = "dwarf-with-dsym";
				ENABLE_NS_ASSERTIONS = NO;
				ENABLE_STRICT_OBJC_MSGSEND = YES;
				GCC_C_LANGUAGE_STANDARD = gnu11;
				GCC_NO_COMMON_BLOCKS = YES;
				GCC_WARN_64_TO_32_BIT_CONVERSION = YES;
				GCC_WARN_ABOUT_RETURN_TYPE = YES_ERROR;
				GCC_WARN_UNDECLARED_SELECTOR = YES;
				GCC_WARN_UNINITIALIZED_AUTOS = YES_AGGRESSIVE;
				GCC_WARN_UNUSED_FUNCTION = YES;
				GCC_WARN_UNUSED_VARIABLE = YES;
				IPHONEOS_DEPLOYMENT_TARGET = 11.0;
				MTL_ENABLE_DEBUG_INFO = NO;
				SDKROOT = iphoneos;
				SYSTEM_HEADER_SEARCH_PATHS = "/Users/shoaibahmedqureshi/Documents/EasyGrids/**";
				USER_HEADER_SEARCH_PATHS = "/Users/shoaibahmedqureshi/Documents/EasyGrids/**";
				VALIDATE_PRODUCT = YES;
				VERSIONING_SYSTEM = "apple-generic";
				VERSION_INFO_PREFIX = "";
			};
			name = Release;
		};
		0CF4B10D1FDCE3B8003DFA2A /* Debug */ = {
			isa = XCBuildConfiguration;
			buildSettings = {
				CODE_SIGN_IDENTITY = "";
				CODE_SIGN_STYLE = Automatic;
				DEFINES_MODULE = YES;
				DYLIB_COMPATIBILITY_VERSION = 1;
				DYLIB_CURRENT_VERSION = 1;
				DYLIB_INSTALL_NAME_BASE = "@rpath";
				FRAMEWORK_SEARCH_PATHS = (
					"/Users/shoaibahmedqureshi/Documents/EasyGrids/**",
					"$(PROJECT_DIR)/Carthage/Build/iOS",
				);
				GCC_PREFIX_HEADER = "";
				INFOPLIST_FILE = EasyGrids/Info.plist;
				INSTALL_PATH = "$(LOCAL_LIBRARY_DIR)/Frameworks";
				LD_RUNPATH_SEARCH_PATHS = "$(inherited) @executable_path/Frameworks @loader_path/Frameworks";
				PRODUCT_BUNDLE_IDENTIFIER = com.shoaib.EasyCollections.EasyGrids;
				PRODUCT_NAME = "$(TARGET_NAME:c99extidentifier)";
				SKIP_INSTALL = YES;
				SYSTEM_HEADER_SEARCH_PATHS = "/Users/shoaibahmedqureshi/Documents/EasyGrids/**";
				TARGETED_DEVICE_FAMILY = "1,2";
				USER_HEADER_SEARCH_PATHS = "/Users/shoaibahmedqureshi/Documents/EasyGrids/**";
			};
			name = Debug;
		};
		0CF4B10E1FDCE3B8003DFA2A /* Release */ = {
			isa = XCBuildConfiguration;
			buildSettings = {
				CODE_SIGN_IDENTITY = "";
				CODE_SIGN_STYLE = Automatic;
				DEFINES_MODULE = YES;
				DYLIB_COMPATIBILITY_VERSION = 1;
				DYLIB_CURRENT_VERSION = 1;
				DYLIB_INSTALL_NAME_BASE = "@rpath";
				FRAMEWORK_SEARCH_PATHS = (
					"/Users/shoaibahmedqureshi/Documents/EasyGrids/**",
					"$(PROJECT_DIR)/Carthage/Build/iOS",
				);
				GCC_PREFIX_HEADER = "";
				INFOPLIST_FILE = EasyGrids/Info.plist;
				INSTALL_PATH = "$(LOCAL_LIBRARY_DIR)/Frameworks";
				LD_RUNPATH_SEARCH_PATHS = "$(inherited) @executable_path/Frameworks @loader_path/Frameworks";
				PRODUCT_BUNDLE_IDENTIFIER = com.shoaib.EasyCollections.EasyGrids;
				PRODUCT_NAME = "$(TARGET_NAME:c99extidentifier)";
				SKIP_INSTALL = YES;
				SYSTEM_HEADER_SEARCH_PATHS = "/Users/shoaibahmedqureshi/Documents/EasyGrids/**";
				TARGETED_DEVICE_FAMILY = "1,2";
				USER_HEADER_SEARCH_PATHS = "/Users/shoaibahmedqureshi/Documents/EasyGrids/**";
			};
			name = Release;
		};
		0CF4B1101FDCE3B8003DFA2A /* Debug */ = {
			isa = XCBuildConfiguration;
			buildSettings = {
				CODE_SIGN_STYLE = Automatic;
				FRAMEWORK_SEARCH_PATHS = "$(PLATFORM_DIR)/Developer/Library/Frameworks";
				"FRAMEWORK_SEARCH_PATHS[arch=*]" = "$(PLATFORM_DIR)/Developer/Library/Frameworks";
				INFOPLIST_FILE = EasyGridsTests/Info.plist;
				LD_RUNPATH_SEARCH_PATHS = "$(inherited) @executable_path/Frameworks @loader_path/Frameworks";
				PRODUCT_BUNDLE_IDENTIFIER = com.shoaib.EasyCollections.EasyGridsTests;
				PRODUCT_NAME = "$(TARGET_NAME)";
				TARGETED_DEVICE_FAMILY = "1,2";
			};
			name = Debug;
		};
		0CF4B1111FDCE3B8003DFA2A /* Release */ = {
			isa = XCBuildConfiguration;
			buildSettings = {
				CODE_SIGN_STYLE = Automatic;
				FRAMEWORK_SEARCH_PATHS = "$(PLATFORM_DIR)/Developer/Library/Frameworks";
				INFOPLIST_FILE = EasyGridsTests/Info.plist;
				LD_RUNPATH_SEARCH_PATHS = "$(inherited) @executable_path/Frameworks @loader_path/Frameworks";
				PRODUCT_BUNDLE_IDENTIFIER = com.shoaib.EasyCollections.EasyGridsTests;
				PRODUCT_NAME = "$(TARGET_NAME)";
				TARGETED_DEVICE_FAMILY = "1,2";
			};
			name = Release;
		};
/* End XCBuildConfiguration section */

/* Begin XCConfigurationList section */
		0CF4B0F21FDCE3B8003DFA2A /* Build configuration list for PBXProject "EasyGrids" */ = {
			isa = XCConfigurationList;
			buildConfigurations = (
				0CF4B10A1FDCE3B8003DFA2A /* Debug */,
				0CF4B10B1FDCE3B8003DFA2A /* Release */,
			);
			defaultConfigurationIsVisible = 0;
			defaultConfigurationName = Release;
		};
		0CF4B10C1FDCE3B8003DFA2A /* Build configuration list for PBXNativeTarget "EasyGrids" */ = {
			isa = XCConfigurationList;
			buildConfigurations = (
				0CF4B10D1FDCE3B8003DFA2A /* Debug */,
				0CF4B10E1FDCE3B8003DFA2A /* Release */,
			);
			defaultConfigurationIsVisible = 0;
			defaultConfigurationName = Release;
		};
		0CF4B10F1FDCE3B8003DFA2A /* Build configuration list for PBXNativeTarget "EasyGridsTests" */ = {
			isa = XCConfigurationList;
			buildConfigurations = (
				0CF4B1101FDCE3B8003DFA2A /* Debug */,
				0CF4B1111FDCE3B8003DFA2A /* Release */,
			);
			defaultConfigurationIsVisible = 0;
			defaultConfigurationName = Release;
		};
/* End XCConfigurationList section */
	};
	rootObject = 0CF4B0EF1FDCE3B8003DFA2A /* Project object */;
}
